
Microsoft Visual Studio Solution File, Format Version 12.00
# Visual Studio Version 16
VisualStudioVersion = 16.0.30011.22
MinimumVisualStudioVersion = 10.0.40219.1
Project("{FAE04EC0-301F-11D3-BF4B-00C04F79EFBC}") = "MenuScreen", "MenuScreen\MenuScreen.csproj", "{C8AFED49-22AC-44DE-9089-39CF9E5203CB}"
EndProject
Project("{FAE04EC0-301F-11D3-BF4B-00C04F79EFBC}") = "LoginPage", "LoginPage\LoginPage.csproj", "{74EF961B-563D-433E-B407-ECB9506D825E}"
EndProject
Project("{FAE04EC0-301F-11D3-BF4B-00C04F79EFBC}") = "SignUpPage", "SignUpPage\SignUpPage.csproj", "{F51F7594-FD63-45ED-A950-8904AF217D4E}"
EndProject
Project("{FAE04EC0-301F-11D3-BF4B-00C04F79EFBC}") = "QuizPage", "QuizPage\QuizPage.csproj", "{E4EC4CAB-9843-4F88-A0C4-C8C0BA488504}"
EndProject
Global
	GlobalSection(SolutionConfigurationPlatforms) = preSolution
		Debug|Any CPU = Debug|Any CPU
		Release|Any CPU = Release|Any CPU
	EndGlobalSection
	GlobalSection(ProjectConfigurationPlatforms) = postSolution
		{C8AFED49-22AC-44DE-9089-39CF9E5203CB}.Debug|Any CPU.ActiveCfg = Debug|Any CPU
		{C8AFED49-22AC-44DE-9089-39CF9E5203CB}.Debug|Any CPU.Build.0 = Debug|Any CPU
		{C8AFED49-22AC-44DE-9089-39CF9E5203CB}.Release|Any CPU.ActiveCfg = Release|Any CPU
		{C8AFED49-22AC-44DE-9089-39CF9E5203CB}.Release|Any CPU.Build.0 = Release|Any CPU
		{74EF961B-563D-433E-B407-ECB9506D825E}.Debug|Any CPU.ActiveCfg = Debug|Any CPU
		{74EF961B-563D-433E-B407-ECB9506D825E}.Debug|Any CPU.Build.0 = Debug|Any CPU
		{74EF961B-563D-433E-B407-ECB9506D825E}.Release|Any CPU.ActiveCfg = Release|Any CPU
		{74EF961B-563D-433E-B407-ECB9506D825E}.Release|Any CPU.Build.0 = Release|Any CPU
		{F51F7594-FD63-45ED-A950-8904AF217D4E}.Debug|Any CPU.ActiveCfg = Debug|Any CPU
		{F51F7594-FD63-45ED-A950-8904AF217D4E}.Debug|Any CPU.Build.0 = Debug|Any CPU
		{F51F7594-FD63-45ED-A950-8904AF217D4E}.Release|Any CPU.ActiveCfg = Release|Any CPU
		{F51F7594-FD63-45ED-A950-8904AF217D4E}.Release|Any CPU.Build.0 = Release|Any CPU
		{E4EC4CAB-9843-4F88-A0C4-C8C0BA488504}.Debug|Any CPU.ActiveCfg = Debug|Any CPU
		{E4EC4CAB-9843-4F88-A0C4-C8C0BA488504}.Debug|Any CPU.Build.0 = Debug|Any CPU
		{E4EC4CAB-9843-4F88-A0C4-C8C0BA488504}.Release|Any CPU.ActiveCfg = Release|Any CPU
		{E4EC4CAB-9843-4F88-A0C4-C8C0BA488504}.Release|Any CPU.Build.0 = Release|Any CPU
	EndGlobalSection
	GlobalSection(SolutionProperties) = preSolution
		HideSolutionNode = FALSE
	EndGlobalSection
	GlobalSection(ExtensibilityGlobals) = postSolution
		SolutionGuid = {80903A4E-8E2D-470F-90AB-A9C06D5D1509}
	EndGlobalSection
EndGlobal
